// !$*UTF8*$!
{
	archiveVersion = 1;
	classes = {
	};
	objectVersion = 77;
	objects = {

/* Begin PBXContainerItemProxy section */
		57C899B42E4DD879003717AF /* PBXContainerItemProxy */ = {
			isa = PBXContainerItemProxy;
			containerPortal = 57C899952E4DD876003717AF /* Project object */;
			proxyType = 1;
			remoteGlobalIDString = 57C8999C2E4DD877003717AF;
			remoteInfo = Nesicofe;
		};
		57C899BE2E4DD879003717AF /* PBXContainerItemProxy */ = {
			isa = PBXContainerItemProxy;
			containerPortal = 57C899952E4DD876003717AF /* Project object */;
			proxyType = 1;
			remoteGlobalIDString = 57C8999C2E4DD877003717AF;
			remoteInfo = Nesicofe;
		};
/* End PBXContainerItemProxy section */

/* Begin PBXFileReference section */
		57C8999D2E4DD877003717AF /* Nesicofe.app */ = {isa = PBXFileReference; explicitFileType = wrapper.application; includeInIndex = 0; path = Nesicofe.app; sourceTree = BUILT_PRODUCTS_DIR; };
		57C899B32E4DD879003717AF /* NesicofeTests.xctest */ = {isa = PBXFileReference; explicitFileType = wrapper.cfbundle; includeInIndex = 0; path = NesicofeTests.xctest; sourceTree = BUILT_PRODUCTS_DIR; };
		57C899BD2E4DD879003717AF /* NesicofeUITests.xctest */ = {isa = PBXFileReference; explicitFileType = wrapper.cfbundle; includeInIndex = 0; path = NesicofeUITests.xctest; sourceTree = BUILT_PRODUCTS_DIR; };
/* End PBXFileReference section */

/* Begin PBXFileSystemSynchronizedBuildFileExceptionSet section */
		57C899C52E4DD879003717AF /* Exceptions for "Nesicofe" folder in "Nesicofe" target */ = {
			isa = PBXFileSystemSynchronizedBuildFileExceptionSet;
			membershipExceptions = (
				Info.plist,
			);
			target = 57C8999C2E4DD877003717AF /* Nesicofe */;
		};
/* End PBXFileSystemSynchronizedBuildFileExceptionSet section */

/* Begin PBXFileSystemSynchronizedRootGroup section */
		57C8999F2E4DD877003717AF /* Nesicofe */ = {
			isa = PBXFileSystemSynchronizedRootGroup;
			exceptions = (
				57C899C52E4DD879003717AF /* Exceptions for "Nesicofe" folder in "Nesicofe" target */,
			);
			path = Nesicofe;
			sourceTree = "<group>";
		};
		57C899B62E4DD879003717AF /* NesicofeTests */ = {
			isa = PBXFileSystemSynchronizedRootGroup;
			path = NesicofeTests;
			sourceTree = "<group>";
		};
		57C899C02E4DD879003717AF /* NesicofeUITests */ = {
			isa = PBXFileSystemSynchronizedRootGroup;
			path = NesicofeUITests;
			sourceTree = "<group>";
		};
/* End PBXFileSystemSynchronizedRootGroup section */

/* Begin PBXFrameworksBuildPhase section */
		57C8999A2E4DD877003717AF /* Frameworks */ = {
			isa = PBXFrameworksBuildPhase;
			buildActionMask = 2147483647;
			files = (
			);
			runOnlyForDeploymentPostprocessing = 0;
		};
		57C899B02E4DD879003717AF /* Frameworks */ = {
			isa = PBXFrameworksBuildPhase;
			buildActionMask = 2147483647;
			files = (
			);
			runOnlyForDeploymentPostprocessing = 0;
		};
		57C899BA2E4DD879003717AF /* Frameworks */ = {
			isa = PBXFrameworksBuildPhase;
			buildActionMask = 2147483647;
			files = (
			);
			runOnlyForDeploymentPostprocessing = 0;
		};
/* End PBXFrameworksBuildPhase section */

/* Begin PBXGroup section */
		57C899942E4DD876003717AF = {
			isa = PBXGroup;
			children = (
				57C8999F2E4DD877003717AF /* Nesicofe */,
				57C899B62E4DD879003717AF /* NesicofeTests */,
				57C899C02E4DD879003717AF /* NesicofeUITests */,
				57C8999E2E4DD877003717AF /* Products */,
			);
			sourceTree = "<group>";
		};
		57C8999E2E4DD877003717AF /* Products */ = {
			isa = PBXGroup;
			children = (
				57C8999D2E4DD877003717AF /* Nesicofe.app */,
				57C899B32E4DD879003717AF /* NesicofeTests.xctest */,
				57C899BD2E4DD879003717AF /* NesicofeUITests.xctest */,
			);
			name = Products;
			sourceTree = "<group>";
		};
/* End PBXGroup section */

/* Begin PBXNativeTarget section */
		57C8999C2E4DD877003717AF /* Nesicofe */ = {
			isa = PBXNativeTarget;
			buildConfigurationList = 57C899C62E4DD879003717AF /* Build configuration list for PBXNativeTarget "Nesicofe" */;
			buildPhases = (
				57C899992E4DD877003717AF /* Sources */,
				57C8999A2E4DD877003717AF /* Frameworks */,
				57C8999B2E4DD877003717AF /* Resources */,
			);
			buildRules = (
			);
			dependencies = (
			);
			fileSystemSynchronizedGroups = (
				57C8999F2E4DD877003717AF /* Nesicofe */,
			);
			name = Nesicofe;
			packageProductDependencies = (
			);
			productName = Nesicofe;
			productReference = 57C8999D2E4DD877003717AF /* Nesicofe.app */;
			productType = "com.apple.product-type.application";
		};
		57C899B22E4DD879003717AF /* NesicofeTests */ = {
			isa = PBXNativeTarget;
			buildConfigurationList = 57C899CB2E4DD879003717AF /* Build configuration list for PBXNativeTarget "NesicofeTests" */;
			buildPhases = (
				57C899AF2E4DD879003717AF /* Sources */,
				57C899B02E4DD879003717AF /* Frameworks */,
				57C899B12E4DD879003717AF /* Resources */,
			);
			buildRules = (
			);
			dependencies = (
				57C899B52E4DD879003717AF /* PBXTargetDependency */,
			);
			fileSystemSynchronizedGroups = (
				57C899B62E4DD879003717AF /* NesicofeTests */,
			);
			name = NesicofeTests;
			packageProductDependencies = (
			);
			productName = NesicofeTests;
			productReference = 57C899B32E4DD879003717AF /* NesicofeTests.xctest */;
			productType = "com.apple.product-type.bundle.unit-test";
		};
		57C899BC2E4DD879003717AF /* NesicofeUITests */ = {
			isa = PBXNativeTarget;
			buildConfigurationList = 57C899CE2E4DD879003717AF /* Build configuration list for PBXNativeTarget "NesicofeUITests" */;
			buildPhases = (
				57C899B92E4DD879003717AF /* Sources */,
				57C899BA2E4DD879003717AF /* Frameworks */,
				57C899BB2E4DD879003717AF /* Resources */,
			);
			buildRules = (
			);
			dependencies = (
				57C899BF2E4DD879003717AF /* PBXTargetDependency */,
			);
			fileSystemSynchronizedGroups = (
				57C899C02E4DD879003717AF /* NesicofeUITests */,
			);
			name = NesicofeUITests;
			packageProductDependencies = (
			);
			productName = NesicofeUITests;
			productReference = 57C899BD2E4DD879003717AF /* NesicofeUITests.xctest */;
			productType = "com.apple.product-type.bundle.ui-testing";
		};
/* End PBXNativeTarget section */

/* Begin PBXProject section */
		57C899952E4DD876003717AF /* Project object */ = {
			isa = PBXProject;
			attributes = {
				BuildIndependentTargetsInParallel = 1;
				LastSwiftUpdateCheck = 1620;
				LastUpgradeCheck = 1620;
				TargetAttributes = {
					57C8999C2E4DD877003717AF = {
						CreatedOnToolsVersion = 16.2;
					};
					57C899B22E4DD879003717AF = {
						CreatedOnToolsVersion = 16.2;
						TestTargetID = 57C8999C2E4DD877003717AF;
					};
					57C899BC2E4DD879003717AF = {
						CreatedOnToolsVersion = 16.2;
						TestTargetID = 57C8999C2E4DD877003717AF;
					};
				};
			};
			buildConfigurationList = 57C899982E4DD876003717AF /* Build configuration list for PBXProject "Nesicofe" */;
			developmentRegion = en;
			hasScannedForEncodings = 0;
			knownRegions = (
				en,
				Base,
			);
			mainGroup = 57C899942E4DD876003717AF;
			minimizedProjectReferenceProxies = 1;
			preferredProjectObjectVersion = 77;
			productRefGroup = 57C8999E2E4DD877003717AF /* Products */;
			projectDirPath = "";
			projectRoot = "";
			targets = (
				57C8999C2E4DD877003717AF /* Nesicofe */,
				57C899B22E4DD879003717AF /* NesicofeTests */,
				57C899BC2E4DD879003717AF /* NesicofeUITests */,
			);
		};
/* End PBXProject section */

/* Begin PBXResourcesBuildPhase section */
		57C8999B2E4DD877003717AF /* Resources */ = {
			isa = PBXResourcesBuildPhase;
			buildActionMask = 2147483647;
			files = (
			);
			runOnlyForDeploymentPostprocessing = 0;
		};
		57C899B12E4DD879003717AF /* Resources */ = {
			isa = PBXResourcesBuildPhase;
			buildActionMask = 2147483647;
			files = (
			);
			runOnlyForDeploymentPostprocessing = 0;
		};
		57C899BB2E4DD879003717AF /* Resources */ = {
			isa = PBXResourcesBuildPhase;
			buildActionMask = 2147483647;
			files = (
			);
			runOnlyForDeploymentPostprocessing = 0;
		};
/* End PBXResourcesBuildPhase section */

/* Begin PBXSourcesBuildPhase section */
		57C899992E4DD877003717AF /* Sources */ = {
			isa = PBXSourcesBuildPhase;
			buildActionMask = 2147483647;
			files = (
			);
			runOnlyForDeploymentPostprocessing = 0;
		};
		57C899AF2E4DD879003717AF /* Sources */ = {
			isa = PBXSourcesBuildPhase;
			buildActionMask = 2147483647;
			files = (
			);
			runOnlyForDeploymentPostprocessing = 0;
		};
		57C899B92E4DD879003717AF /* Sources */ = {
			isa = PBXSourcesBuildPhase;
			buildActionMask = 2147483647;
			files = (
			);
			runOnlyForDeploymentPostprocessing = 0;
		};
/* End PBXSourcesBuildPhase section */

/* Begin PBXTargetDependency section */
		57C899B52E4DD879003717AF /* PBXTargetDependency */ = {
			isa = PBXTargetDependency;
			target = 57C8999C2E4DD877003717AF /* Nesicofe */;
			targetProxy = 57C899B42E4DD879003717AF /* PBXContainerItemProxy */;
		};
		57C899BF2E4DD879003717AF /* PBXTargetDependency */ = {
			isa = PBXTargetDependency;
			target = 57C8999C2E4DD877003717AF /* Nesicofe */;
			targetProxy = 57C899BE2E4DD879003717AF /* PBXContainerItemProxy */;
		};
/* End PBXTargetDependency section */

/* Begin XCBuildConfiguration section */
		57C899C72E4DD879003717AF /* Debug */ = {
			isa = XCBuildConfiguration;
			buildSettings = {
				ASSETCATALOG_COMPILER_APPICON_NAME = AppIcon;
				ASSETCATALOG_COMPILER_GLOBAL_ACCENT_COLOR_NAME = AccentColor;
				CODE_SIGN_STYLE = Automatic;
				CURRENT_PROJECT_VERSION = 1;
				DEVELOPMENT_TEAM = PA6AT97QRQ;
				GENERATE_INFOPLIST_FILE = YES;
				INFOPLIST_FILE = Nesicofe/Info.plist;
				INFOPLIST_KEY_UIApplicationSupportsIndirectInputEvents = YES;
				INFOPLIST_KEY_UILaunchStoryboardName = LaunchScreen;
				INFOPLIST_KEY_UIMainStoryboardFile = Main;
				INFOPLIST_KEY_UISupportedInterfaceOrientations_iPad = "UIInterfaceOrientationPortrait UIInterfaceOrientationPortraitUpsideDown UIInterfaceOrientationLandscapeLeft UIInterfaceOrientationLandscapeRight";
				INFOPLIST_KEY_UISupportedInterfaceOrientations_iPhone = "UIInterfaceOrientationPortrait UIInterfaceOrientationLandscapeLeft UIInterfaceOrientationLandscapeRight";
				LD_RUNPATH_SEARCH_PATHS = (
					"$(inherited)",
					"@executable_path/Frameworks",
				);
				MARKETING_VERSION = 1.0;
				PRODUCT_BUNDLE_IDENTIFIER = Blokhin.Nesicofe;
				PRODUCT_NAME = "$(TARGET_NAME)";
				SWIFT_EMIT_LOC_STRINGS = YES;
				SWIFT_VERSION = 5.0;
				TARGETED_DEVICE_FAMILY = "1,2";
			};
			name = Debug;
		};
		57C899C82E4DD879003717AF /* Release */ = {
			isa = XCBuildConfiguration;
			buildSettings = {
				ASSETCATALOG_COMPILER_APPICON_NAME = AppIcon;
				ASSETCATALOG_COMPILER_GLOBAL_ACCENT_COLOR_NAME = AccentColor;
				CODE_SIGN_STYLE = Automatic;
				CURRENT_PROJECT_VERSION = 1;
				DEVELOPMENT_TEAM = PA6AT97QRQ;
				GENERATE_INFOPLIST_FILE = YES;
				INFOPLIST_FILE = Nesicofe/Info.plist;
				INFOPLIST_KEY_UIApplicationSupportsIndirectInputEvents = YES;
				INFOPLIST_KEY_UILaunchStoryboardName = LaunchScreen;
				INFOPLIST_KEY_UIMainStoryboardFile = Main;
				INFOPLIST_KEY_UISupportedInterfaceOrientations_iPad = "UIInterfaceOrientationPortrait UIInterfaceOrientationPortraitUpsideDown UIInterfaceOrientationLandscapeLeft UIInterfaceOrientationLandscapeRight";
				INFOPLIST_KEY_UISupportedInterfaceOrientations_iPhone = "UIInterfaceOrientationPortrait UIInterfaceOrientationLandscapeLeft UIInterfaceOrientationLandscapeRight";
				LD_RUNPATH_SEARCH_PATHS = (
					"$(inherited)",
					"@executable_path/Frameworks",
				);
				MARKETING_VERSION = 1.0;
				PRODUCT_BUNDLE_IDENTIFIER = Blokhin.Nesicofe;
				PRODUCT_NAME = "$(TARGET_NAME)";
				SWIFT_EMIT_LOC_STRINGS = YES;
				SWIFT_VERSION = 5.0;
				TARGETED_DEVICE_FAMILY = "1,2";
			};
			name = Release;
		};
		57C899C92E4DD879003717AF /* Debug */ = {
			isa = XCBuildConfiguration;
			buildSettings = {
				ALWAYS_SEARCH_USER_PATHS = NO;
				ASSETCATALOG_COMPILER_GENERATE_SWIFT_ASSET_SYMBOL_EXTENSIONS = YES;
				CLANG_ANALYZER_NONNULL = YES;
				CLANG_ANALYZER_NUMBER_OBJECT_CONVERSION = YES_AGGRESSIVE;
				CLANG_CXX_LANGUAGE_STANDARD = "gnu++20";
				CLANG_ENABLE_MODULES = YES;
				CLANG_ENABLE_OBJC_ARC = YES;
				CLANG_ENABLE_OBJC_WEAK = YES;
				CLANG_WARN_BLOCK_CAPTURE_AUTORELEASING = YES;
				CLANG_WARN_BOOL_CONVERSION = YES;
				CLANG_WARN_COMMA = YES;
				CLANG_WARN_CONSTANT_CONVERSION = YES;
				CLANG_WARN_DEPRECATED_OBJC_IMPLEMENTATIONS = YES;
				CLANG_WARN_DIRECT_OBJC_ISA_USAGE = YES_ERROR;
				CLANG_WARN_DOCUMENTATION_COMMENTS = YES;
				CLANG_WARN_EMPTY_BODY = YES;
				CLANG_WARN_ENUM_CONVERSION = YES;
				CLANG_WARN_INFINITE_RECURSION = YES;
				CLANG_WARN_INT_CONVERSION = YES;
				CLANG_WARN_NON_LITERAL_NULL_CONVERSION = YES;
				CLANG_WARN_OBJC_IMPLICIT_RETAIN_SELF = YES;
				CLANG_WARN_OBJC_LITERAL_CONVERSION = YES;
				CLANG_WARN_OBJC_ROOT_CLASS = YES_ERROR;
				CLANG_WARN_QUOTED_INCLUDE_IN_FRAMEWORK_HEADER = YES;
				CLANG_WARN_RANGE_LOOP_ANALYSIS = YES;
				CLANG_WARN_STRICT_PROTOTYPES = YES;
				CLANG_WARN_SUSPICIOUS_MOVE = YES;
				CLANG_WARN_UNGUARDED_AVAILABILITY = YES_AGGRESSIVE;
				CLANG_WARN_UNREACHABLE_CODE = YES;
				CLANG_WARN__DUPLICATE_METHOD_MATCH = YES;
				COPY_PHASE_STRIP = NO;
				DEBUG_INFORMATION_FORMAT = dwarf;
				ENABLE_STRICT_OBJC_MSGSEND = YES;
				ENABLE_TESTABILITY = YES;
				ENABLE_USER_SCRIPT_SANDBOXING = YES;
				GCC_C_LANGUAGE_STANDARD = gnu17;
				GCC_DYNAMIC_NO_PIC = NO;
				GCC_NO_COMMON_BLOCKS = YES;
				GCC_OPTIMIZATION_LEVEL = 0;
				GCC_PREPROCESSOR_DEFINITIONS = (
					"DEBUG=1",
					"$(inherited)",
				);
				GCC_WARN_64_TO_32_BIT_CONVERSION = YES;
				GCC_WARN_ABOUT_RETURN_TYPE = YES_ERROR;
				GCC_WARN_UNDECLARED_SELECTOR = YES;
				GCC_WARN_UNINITIALIZED_AUTOS = YES_AGGRESSIVE;
				GCC_WARN_UNUSED_FUNCTION = YES;
				GCC_WARN_UNUSED_VARIABLE = YES;
				IPHONEOS_DEPLOYMENT_TARGET = 18.2;
				LOCALIZATION_PREFERS_STRING_CATALOGS = YES;
				MTL_ENABLE_DEBUG_INFO = INCLUDE_SOURCE;
				MTL_FAST_MATH = YES;
				ONLY_ACTIVE_ARCH = YES;
				SDKROOT = iphoneos;
				SWIFT_ACTIVE_COMPILATION_CONDITIONS = "DEBUG $(inherited)";
				SWIFT_OPTIMIZATION_LEVEL = "-Onone";
			};
			name = Debug;
		};
		57C899CA2E4DD879003717AF /* Release */ = {
			isa = XCBuildConfiguration;
			buildSettings = {
				ALWAYS_SEARCH_USER_PATHS = NO;
				ASSETCATALOG_COMPILER_GENERATE_SWIFT_ASSET_SYMBOL_EXTENSIONS = YES;
				CLANG_ANALYZER_NONNULL = YES;
				CLANG_ANALYZER_NUMBER_OBJECT_CONVERSION = YES_AGGRESSIVE;
				CLANG_CXX_LANGUAGE_STANDARD = "gnu++20";
				CLANG_ENABLE_MODULES = YES;
				CLANG_ENABLE_OBJC_ARC = YES;
				CLANG_ENABLE_OBJC_WEAK = YES;
				CLANG_WARN_BLOCK_CAPTURE_AUTORELEASING = YES;
				CLANG_WARN_BOOL_CONVERSION = YES;
				CLANG_WARN_COMMA = YES;
				CLANG_WARN_CONSTANT_CONVERSION = YES;
				CLANG_WARN_DEPRECATED_OBJC_IMPLEMENTATIONS = YES;
				CLANG_WARN_DIRECT_OBJC_ISA_USAGE = YES_ERROR;
				CLANG_WARN_DOCUMENTATION_COMMENTS = YES;
				CLANG_WARN_EMPTY_BODY = YES;
				CLANG_WARN_ENUM_CONVERSION = YES;
				CLANG_WARN_INFINITE_RECURSION = YES;
				CLANG_WARN_INT_CONVERSION = YES;
				CLANG_WARN_NON_LITERAL_NULL_CONVERSION = YES;
				CLANG_WARN_OBJC_IMPLICIT_RETAIN_SELF = YES;
				CLANG_WARN_OBJC_LITERAL_CONVERSION = YES;
				CLANG_WARN_OBJC_ROOT_CLASS = YES_ERROR;
				CLANG_WARN_QUOTED_INCLUDE_IN_FRAMEWORK_HEADER = YES;
				CLANG_WARN_RANGE_LOOP_ANALYSIS = YES;
				CLANG_WARN_STRICT_PROTOTYPES = YES;
				CLANG_WARN_SUSPICIOUS_MOVE = YES;
				CLANG_WARN_UNGUARDED_AVAILABILITY = YES_AGGRESSIVE;
				CLANG_WARN_UNREACHABLE_CODE = YES;
				CLANG_WARN__DUPLICATE_METHOD_MATCH = YES;
				COPY_PHASE_STRIP = NO;
				DEBUG_INFORMATION_FORMAT = "dwarf-with-dsym";
				ENABLE_NS_ASSERTIONS = NO;
				ENABLE_STRICT_OBJC_MSGSEND = YES;
				ENABLE_USER_SCRIPT_SANDBOXING = YES;
				GCC_C_LANGUAGE_STANDARD = gnu17;
				GCC_NO_COMMON_BLOCKS = YES;
				GCC_WARN_64_TO_32_BIT_CONVERSION = YES;
				GCC_WARN_ABOUT_RETURN_TYPE = YES_ERROR;
				GCC_WARN_UNDECLARED_SELECTOR = YES;
				GCC_WARN_UNINITIALIZED_AUTOS = YES_AGGRESSIVE;
				GCC_WARN_UNUSED_FUNCTION = YES;
				GCC_WARN_UNUSED_VARIABLE = YES;
				IPHONEOS_DEPLOYMENT_TARGET = 18.2;
				LOCALIZATION_PREFERS_STRING_CATALOGS = YES;
				MTL_ENABLE_DEBUG_INFO = NO;
				MTL_FAST_MATH = YES;
				SDKROOT = iphoneos;
				SWIFT_COMPILATION_MODE = wholemodule;
				VALIDATE_PRODUCT = YES;
			};
			name = Release;
		};
		57C899CC2E4DD879003717AF /* Debug */ = {
			isa = XCBuildConfiguration;
			buildSettings = {
				BUNDLE_LOADER = "$(TEST_HOST)";
				CODE_SIGN_STYLE = Automatic;
				CURRENT_PROJECT_VERSION = 1;
				DEVELOPMENT_TEAM = PA6AT97QRQ;
				GENERATE_INFOPLIST_FILE = YES;
				IPHONEOS_DEPLOYMENT_TARGET = 18.2;
				MARKETING_VERSION = 1.0;
				PRODUCT_BUNDLE_IDENTIFIER = Blokhin.NesicofeTests;
				PRODUCT_NAME = "$(TARGET_NAME)";
				SWIFT_EMIT_LOC_STRINGS = NO;
				SWIFT_VERSION = 5.0;
				TARGETED_DEVICE_FAMILY = "1,2";
				TEST_HOST = "$(BUILT_PRODUCTS_DIR)/Nesicofe.app/$(BUNDLE_EXECUTABLE_FOLDER_PATH)/Nesicofe";
			};
			name = Debug;
		};
		57C899CD2E4DD879003717AF /* Release */ = {
			isa = XCBuildConfiguration;
			buildSettings = {
				BUNDLE_LOADER = "$(TEST_HOST)";
				CODE_SIGN_STYLE = Automatic;
				CURRENT_PROJECT_VERSION = 1;
				DEVELOPMENT_TEAM = PA6AT97QRQ;
				GENERATE_INFOPLIST_FILE = YES;
				IPHONEOS_DEPLOYMENT_TARGET = 18.2;
				MARKETING_VERSION = 1.0;
				PRODUCT_BUNDLE_IDENTIFIER = Blokhin.NesicofeTests;
				PRODUCT_NAME = "$(TARGET_NAME)";
				SWIFT_EMIT_LOC_STRINGS = NO;
				SWIFT_VERSION = 5.0;
				TARGETED_DEVICE_FAMILY = "1,2";
				TEST_HOST = "$(BUILT_PRODUCTS_DIR)/Nesicofe.app/$(BUNDLE_EXECUTABLE_FOLDER_PATH)/Nesicofe";
			};
			name = Release;
		};
		57C899CF2E4DD879003717AF /* Debug */ = {
			isa = XCBuildConfiguration;
			buildSettings = {
				CODE_SIGN_STYLE = Automatic;
				CURRENT_PROJECT_VERSION = 1;
				DEVELOPMENT_TEAM = PA6AT97QRQ;
				GENERATE_INFOPLIST_FILE = YES;
				MARKETING_VERSION = 1.0;
				PRODUCT_BUNDLE_IDENTIFIER = Blokhin.NesicofeUITests;
				PRODUCT_NAME = "$(TARGET_NAME)";
				SWIFT_EMIT_LOC_STRINGS = NO;
				SWIFT_VERSION = 5.0;
				TARGETED_DEVICE_FAMILY = "1,2";
				TEST_TARGET_NAME = Nesicofe;
			};
			name = Debug;
		};
		57C899D02E4DD879003717AF /* Release */ = {
			isa = XCBuildConfiguration;
			buildSettings = {
				CODE_SIGN_STYLE = Automatic;
				CURRENT_PROJECT_VERSION = 1;
				DEVELOPMENT_TEAM = PA6AT97QRQ;
				GENERATE_INFOPLIST_FILE = YES;
				MARKETING_VERSION = 1.0;
				PRODUCT_BUNDLE_IDENTIFIER = Blokhin.NesicofeUITests;
				PRODUCT_NAME = "$(TARGET_NAME)";
				SWIFT_EMIT_LOC_STRINGS = NO;
				SWIFT_VERSION = 5.0;
				TARGETED_DEVICE_FAMILY = "1,2";
				TEST_TARGET_NAME = Nesicofe;
			};
			name = Release;
		};
/* End XCBuildConfiguration section */

/* Begin XCConfigurationList section */
		57C899982E4DD876003717AF /* Build configuration list for PBXProject "Nesicofe" */ = {
			isa = XCConfigurationList;
			buildConfigurations = (
				57C899C92E4DD879003717AF /* Debug */,
				57C899CA2E4DD879003717AF /* Release */,
			);
			defaultConfigurationIsVisible = 0;
			defaultConfigurationName = Release;
		};
		57C899C62E4DD879003717AF /* Build configuration list for PBXNativeTarget "Nesicofe" */ = {
			isa = XCConfigurationList;
			buildConfigurations = (
				57C899C72E4DD879003717AF /* Debug */,
				57C899C82E4DD879003717AF /* Release */,
			);
			defaultConfigurationIsVisible = 0;
			defaultConfigurationName = Release;
		};
		57C899CB2E4DD879003717AF /* Build configuration list for PBXNativeTarget "NesicofeTests" */ = {
			isa = XCConfigurationList;
			buildConfigurations = (
				57C899CC2E4DD879003717AF /* Debug */,
				57C899CD2E4DD879003717AF /* Release */,
			);
			defaultConfigurationIsVisible = 0;
			defaultConfigurationName = Release;
		};
		57C899CE2E4DD879003717AF /* Build configuration list for PBXNativeTarget "NesicofeUITests" */ = {
			isa = XCConfigurationList;
			buildConfigurations = (
				57C899CF2E4DD879003717AF /* Debug */,
				57C899D02E4DD879003717AF /* Release */,
			);
			defaultConfigurationIsVisible = 0;
			defaultConfigurationName = Release;
		};
/* End XCConfigurationList section */
	};
	rootObject = 57C899952E4DD876003717AF /* Project object */;
}
